
Microsoft Visual Studio Solution File, Format Version 12.00
# Visual Studio Version 16
VisualStudioVersion = 16.0.30907.101
MinimumVisualStudioVersion = 10.0.40219.1
Project("{FAE04EC0-301F-11D3-BF4B-00C04F79EFBC}") = "ClassMetotDemo", "ClassMetotDemo\ClassMetotDemo.csproj", "{F25CEBA4-DE65-4D61-90BA-1C9BC099FFEE}"
EndProject
Global
	GlobalSection(SolutionConfigurationPlatforms) = preSolution
		Debug|Any CPU = Debug|Any CPU
		Release|Any CPU = Release|Any CPU
	EndGlobalSection
	GlobalSection(ProjectConfigurationPlatforms) = postSolution
		{F25CEBA4-DE65-4D61-90BA-1C9BC099FFEE}.Debug|Any CPU.ActiveCfg = Debug|Any CPU
		{F25CEBA4-DE65-4D61-90BA-1C9BC099FFEE}.Debug|Any CPU.Build.0 = Debug|Any CPU
		{F25CEBA4-DE65-4D61-90BA-1C9BC099FFEE}.Release|Any CPU.ActiveCfg = Release|Any CPU
		{F25CEBA4-DE65-4D61-90BA-1C9BC099FFEE}.Release|Any CPU.Build.0 = Release|Any CPU
	EndGlobalSection
	GlobalSection(SolutionProperties) = preSolution
		HideSolutionNode = FALSE
	EndGlobalSection
	GlobalSection(ExtensibilityGlobals) = postSolution
		SolutionGuid = {B36A5DC2-4919-4D93-B06E-D00945131212}
	EndGlobalSection
EndGlobal
